
Microsoft Visual Studio Solution File, Format Version 12.00
# 
Project("{FAE04EC0-301F-11D3-BF4B-00C04F79EFBC}") = "OnChrome.Core", "OnChrome.Core\OnChrome.Core.csproj", "{2A6A5A39-83AA-4CBD-99D1-9999EA5A47BA}"
EndProject
Project("{FAE04EC0-301F-11D3-BF4B-00C04F79EFBC}") = "OnChrome.Web", "OnChrome.Web\OnChrome.Web.csproj", "{117E0988-E3C6-4376-BCE3-7E9C93FB375C}"
EndProject
Global
	GlobalSection(SolutionConfigurationPlatforms) = preSolution
		Debug|Any CPU = Debug|Any CPU
		Release|Any CPU = Release|Any CPU
	EndGlobalSection
	GlobalSection(ProjectConfigurationPlatforms) = postSolution
		{2A6A5A39-83AA-4CBD-99D1-9999EA5A47BA}.Debug|Any CPU.ActiveCfg = Debug|Any CPU
		{2A6A5A39-83AA-4CBD-99D1-9999EA5A47BA}.Debug|Any CPU.Build.0 = Debug|Any CPU
		{2A6A5A39-83AA-4CBD-99D1-9999EA5A47BA}.Release|Any CPU.ActiveCfg = Release|Any CPU
		{2A6A5A39-83AA-4CBD-99D1-9999EA5A47BA}.Release|Any CPU.Build.0 = Release|Any CPU
		{117E0988-E3C6-4376-BCE3-7E9C93FB375C}.Debug|Any CPU.ActiveCfg = Debug|Any CPU
		{117E0988-E3C6-4376-BCE3-7E9C93FB375C}.Debug|Any CPU.Build.0 = Debug|Any CPU
		{117E0988-E3C6-4376-BCE3-7E9C93FB375C}.Release|Any CPU.ActiveCfg = Release|Any CPU
		{117E0988-E3C6-4376-BCE3-7E9C93FB375C}.Release|Any CPU.Build.0 = Release|Any CPU
	EndGlobalSection
EndGlobal
